
Microsoft Visual Studio Solution File, Format Version 12.00
# Visual Studio Version 16
VisualStudioVersion = 16.0.29609.76
MinimumVisualStudioVersion = 10.0.40219.1
Project("{FAE04EC0-301F-11D3-BF4B-00C04F79EFBC}") = "FRPCServer", "FRPCServer\FRPCServer.csproj", "{865EB30C-A02F-4506-8E16-B9C841F1D641}"
EndProject
Project("{9A19103F-16F7-4668-BE54-9A1E7A4F7556}") = "FRPCServerAOPContainer", "FRPCServerAOPContainer\FRPCServerAOPContainer.csproj", "{F297F1C6-E211-4C06-9050-A23F761DBF3C}"
EndProject
Project("{9A19103F-16F7-4668-BE54-9A1E7A4F7556}") = "FRPCServerCommandConsole", "FRPCServerCommandConsole\FRPCServerCommandConsole.csproj", "{EE170E13-24C9-4A8D-97AF-2FEEB226BA76}"
EndProject
Project("{2150E333-8FDC-42A3-9474-1A3956D46DE8}") = "Example", "Example", "{D95F43A8-14B6-4C48-A759-1E8DAFA332D0}"
EndProject
Project("{FAE04EC0-301F-11D3-BF4B-00C04F79EFBC}") = "MessageServer", "MessageServer\MessageServer.csproj", "{89D86C34-C8B4-4D9A-B86F-FA37D388D8E9}"
EndProject
Project("{2150E333-8FDC-42A3-9474-1A3956D46DE8}") = "Core", "Core", "{BD8BC906-A01F-4E5F-81B6-3758DBBA7D38}"
EndProject
Project("{2150E333-8FDC-42A3-9474-1A3956D46DE8}") = "FRPCServer", "FRPCServer", "{2FB856E1-3455-47B0-BE64-03C79C79043F}"
EndProject
Project("{2150E333-8FDC-42A3-9474-1A3956D46DE8}") = "Interface", "Interface", "{69F2716F-FD50-4C19-A169-ADF8390B0385}"
EndProject
Project("{2150E333-8FDC-42A3-9474-1A3956D46DE8}") = "Server", "Server", "{2B913DEC-621E-4AC7-84E7-6686AC834919}"
EndProject
Project("{9A19103F-16F7-4668-BE54-9A1E7A4F7556}") = "ITestServer", "..\..\Client\FRPCClient\ITestServer\ITestServer.csproj", "{D5AD5116-D1CB-4B25-BD1D-E8109F1A4B50}"
EndProject
Global
	GlobalSection(SolutionConfigurationPlatforms) = preSolution
		Debug|Any CPU = Debug|Any CPU
		Release|Any CPU = Release|Any CPU
	EndGlobalSection
	GlobalSection(ProjectConfigurationPlatforms) = postSolution
		{865EB30C-A02F-4506-8E16-B9C841F1D641}.Debug|Any CPU.ActiveCfg = Debug|Any CPU
		{865EB30C-A02F-4506-8E16-B9C841F1D641}.Debug|Any CPU.Build.0 = Debug|Any CPU
		{865EB30C-A02F-4506-8E16-B9C841F1D641}.Release|Any CPU.ActiveCfg = Release|Any CPU
		{865EB30C-A02F-4506-8E16-B9C841F1D641}.Release|Any CPU.Build.0 = Release|Any CPU
		{F297F1C6-E211-4C06-9050-A23F761DBF3C}.Debug|Any CPU.ActiveCfg = Debug|Any CPU
		{F297F1C6-E211-4C06-9050-A23F761DBF3C}.Debug|Any CPU.Build.0 = Debug|Any CPU
		{F297F1C6-E211-4C06-9050-A23F761DBF3C}.Release|Any CPU.ActiveCfg = Release|Any CPU
		{F297F1C6-E211-4C06-9050-A23F761DBF3C}.Release|Any CPU.Build.0 = Release|Any CPU
		{EE170E13-24C9-4A8D-97AF-2FEEB226BA76}.Debug|Any CPU.ActiveCfg = Debug|Any CPU
		{EE170E13-24C9-4A8D-97AF-2FEEB226BA76}.Debug|Any CPU.Build.0 = Debug|Any CPU
		{EE170E13-24C9-4A8D-97AF-2FEEB226BA76}.Release|Any CPU.ActiveCfg = Release|Any CPU
		{EE170E13-24C9-4A8D-97AF-2FEEB226BA76}.Release|Any CPU.Build.0 = Release|Any CPU
		{89D86C34-C8B4-4D9A-B86F-FA37D388D8E9}.Debug|Any CPU.ActiveCfg = Debug|Any CPU
		{89D86C34-C8B4-4D9A-B86F-FA37D388D8E9}.Debug|Any CPU.Build.0 = Debug|Any CPU
		{89D86C34-C8B4-4D9A-B86F-FA37D388D8E9}.Release|Any CPU.ActiveCfg = Release|Any CPU
		{89D86C34-C8B4-4D9A-B86F-FA37D388D8E9}.Release|Any CPU.Build.0 = Release|Any CPU
		{D5AD5116-D1CB-4B25-BD1D-E8109F1A4B50}.Debug|Any CPU.ActiveCfg = Debug|Any CPU
		{D5AD5116-D1CB-4B25-BD1D-E8109F1A4B50}.Debug|Any CPU.Build.0 = Debug|Any CPU
		{D5AD5116-D1CB-4B25-BD1D-E8109F1A4B50}.Release|Any CPU.ActiveCfg = Release|Any CPU
		{D5AD5116-D1CB-4B25-BD1D-E8109F1A4B50}.Release|Any CPU.Build.0 = Release|Any CPU
	EndGlobalSection
	GlobalSection(SolutionProperties) = preSolution
		HideSolutionNode = FALSE
	EndGlobalSection
	GlobalSection(NestedProjects) = preSolution
		{865EB30C-A02F-4506-8E16-B9C841F1D641} = {BD8BC906-A01F-4E5F-81B6-3758DBBA7D38}
		{F297F1C6-E211-4C06-9050-A23F761DBF3C} = {BD8BC906-A01F-4E5F-81B6-3758DBBA7D38}
		{EE170E13-24C9-4A8D-97AF-2FEEB226BA76} = {BD8BC906-A01F-4E5F-81B6-3758DBBA7D38}
		{89D86C34-C8B4-4D9A-B86F-FA37D388D8E9} = {D95F43A8-14B6-4C48-A759-1E8DAFA332D0}
		{69F2716F-FD50-4C19-A169-ADF8390B0385} = {2FB856E1-3455-47B0-BE64-03C79C79043F}
		{2B913DEC-621E-4AC7-84E7-6686AC834919} = {2FB856E1-3455-47B0-BE64-03C79C79043F}
		{D5AD5116-D1CB-4B25-BD1D-E8109F1A4B50} = {69F2716F-FD50-4C19-A169-ADF8390B0385}
	EndGlobalSection
	GlobalSection(ExtensibilityGlobals) = postSolution
		SolutionGuid = {4124F4B1-09CC-4EBD-8A6E-B3C5EA8700C8}
	EndGlobalSection
EndGlobal
